{
  "requires": true,
  "lockfileVersion": 1,
  "dependencies": {
    "@types/body-parser": {
      "version": "1.19.2",
      "resolved": "https://registry.npmjs.org/@types/body-parser/-/body-parser-1.19.2.tgz",
      "integrity": "sha512-ALYone6pm6QmwZoAgeyNksccT9Q4AWZQ6PvfwR37GT6r6FWUPguq6sUmNGSMV2Wr761oQoBxwGGa6DR5o1DC9g==",
      "dev": true,
      "requires": {
        "@types/connect": "*",
        "@types/node": "*"
      }
    },
    "@types/connect": {
      "version": "3.4.37",
      "resolved": "https://registry.npmjs.org/@types/connect/-/connect-3.4.37.tgz",
      "integrity": "sha512-zBUSRqkfZ59OcwXon4HVxhx5oWCJmc0OtBTK05M+p0dYjgN6iTwIL2T/WbsQZrEsdnwaF9cWQ+azOnpPvIqY3Q==",
      "dev": true,
      "requires": {
        "@types/node": "*"
      }
    },
    "@types/express": {
      "version": "4.17.17",
      "resolved": "https://registry.npmjs.org/@types/express/-/express-4.17.17.tgz",
      "integrity": "sha512-Q4FmmuLGBG58btUnfS1c1r/NQdlp3DMfGDGig8WhfpA2YRUtEkxAjkZb0yvplJGYdF1fsQ81iMDcH24sSCNC/Q==",
      "dev": true,
      "requires": {
        "@types/body-parser": "*",
        "@types/express-serve-static-core": "^4.17.33",
        "@types/qs": "*",
        "@types/serve-static": "*"
      }
    },
    "@types/express-serve-static-core": {
      "version": "4.17.39",
      "resolved": "https://registry.npmjs.org/@types/express-serve-static-core/-/express-serve-static-core-4.17.39.tgz",
      "integrity": "sha512-BiEUfAiGCOllomsRAZOiMFP7LAnrifHpt56pc4Z7l9K6ACyN06Ns1JLMBxwkfLOjJRlSf06NwWsT7yzfpaVpyQ==",
      "dev": true,
      "requires": {
        "@types/node": "*",
        "@types/qs": "*",
        "@types/range-parser": "*",
        "@types/send": "*"
      }
    },
    "@types/ffmpeg-static": {
      "version": "3.0.1",
      "resolved": "https://registry.npmjs.org/@types/ffmpeg-static/-/ffmpeg-static-3.0.1.tgz",
      "integrity": "sha512-hEJdQMv/g1olk9qTiWqh23BfbKsDKE6Tc7DilNJWF1MgZsU9fYOPKrgQ448vfT7aP2Yt5re9vgJDVv9TXEoTyQ==",
      "dev": true
    },
    "@types/http-errors": {
      "version": "2.0.3",
      "resolved": "https://registry.npmjs.org/@types/http-errors/-/http-errors-2.0.3.tgz",
      "integrity": "sha512-pP0P/9BnCj1OVvQR2lF41EkDG/lWWnDyA203b/4Fmi2eTyORnBtcDoKDwjWQthELrBvWkMOrvSOnZ8OVlW6tXA==",
      "dev": true
    },
    "@types/merge-descriptors": {
      "version": "1.0.1",
      "resolved": "https://registry.npmjs.org/@types/merge-descriptors/-/merge-descriptors-1.0.1.tgz",
      "integrity": "sha512-dvY3+KXKTXn7sD9bFQsaPcw3FN9ljk82YDUDl7O2FsBVBhiN7Ya216aYUqUvlRdbL/lvW90SYAUJZ1fFnmtMUQ==",
      "dev": true
    },
    "@types/mime": {
      "version": "1.3.4",
      "resolved": "https://registry.npmjs.org/@types/mime/-/mime-1.3.4.tgz",
      "integrity": "sha512-1Gjee59G25MrQGk8bsNvC6fxNiRgUlGn2wlhGf95a59DrprnnHk80FIMMFG9XHMdrfsuA119ht06QPDXA1Z7tw==",
      "dev": true
    },
    "@types/ms": {
      "version": "0.7.31",
      "resolved": "https://registry.npmjs.org/@types/ms/-/ms-0.7.31.tgz",
      "integrity": "sha512-iiUgKzV9AuaEkZqkOLDIvlQiL6ltuZd9tGcW3gwpnX8JbuiuhFlEGmmFXEXkN50Cvq7Os88IY2v0dkDqXYWVgA==",
      "dev": true
    },
    "@types/node": {
      "version": "20.8.10",
      "resolved": "https://registry.npmjs.org/@types/node/-/node-20.8.10.tgz",
      "integrity": "sha512-TlgT8JntpcbmKUFzjhsyhGfP2fsiz1Mv56im6enJ905xG1DAYesxJaeSbGqQmAw8OWPdhyJGhGSQGKRNJ45u9w==",
      "dev": true,
      "requires": {
        "undici-types": "~5.26.4"
      }
    },
    "@types/qs": {
      "version": "6.9.9",
      "resolved": "https://registry.npmjs.org/@types/qs/-/qs-6.9.9.tgz",
      "integrity": "sha512-wYLxw35euwqGvTDx6zfY1vokBFnsK0HNrzc6xNHchxfO2hpuRg74GbkEW7e3sSmPvj0TjCDT1VCa6OtHXnubsg==",
      "dev": true
    },
    "@types/range-parser": {
      "version": "1.2.6",
      "resolved": "https://registry.npmjs.org/@types/range-parser/-/range-parser-1.2.6.tgz",
      "integrity": "sha512-+0autS93xyXizIYiyL02FCY8N+KkKPhILhcUSA276HxzreZ16kl+cmwvV2qAM/PuCCwPXzOXOWhiPcw20uSFcA==",
      "dev": true
    },
    "@types/send": {
      "version": "0.17.3",
      "resolved": "https://registry.npmjs.org/@types/send/-/send-0.17.3.tgz",
      "integrity": "sha512-/7fKxvKUoETxjFUsuFlPB9YndePpxxRAOfGC/yJdc9kTjTeP5kRCTzfnE8kPUKCeyiyIZu0YQ76s50hCedI1ug==",
      "dev": true,
      "requires": {
        "@types/mime": "^1",
        "@types/node": "*"
      }
    },
    "@types/serve-static": {
      "version": "1.15.2",
      "resolved": "https://registry.npmjs.org/@types/serve-static/-/serve-static-1.15.2.tgz",
      "integrity": "sha512-J2LqtvFYCzaj8pVYKw8klQXrLLk7TBZmQ4ShlcdkELFKGwGMfevMLneMMRkMgZxotOD9wg497LpC7O8PcvAmfw==",
      "dev": true,
      "requires": {
        "@types/http-errors": "*",
        "@types/mime": "*",
        "@types/node": "*"
      }
    },
    "@types/ws": {
      "version": "8.5.5",
      "resolved": "https://registry.npmjs.org/@types/ws/-/ws-8.5.5.tgz",
      "integrity": "sha512-lwhs8hktwxSjf9UaZ9tG5M03PGogvFaH8gUgLNbN9HKIg0dvv6q+gkSuJ8HN4/VbyxkuLzCjlN7GquQ0gUJfIg==",
      "dev": true,
      "requires": {
        "@types/node": "*"
      }
    },
    "types-registry": {
      "version": "0.1.680",
      "resolved": "https://registry.npmjs.org/types-registry/-/types-registry-0.1.680.tgz",
      "integrity": "sha512-8tNKp07GwbdHfSYAAPaBIW3nBtalQct55QSSrt4xT5Oh7OAbZGXmRhj9phmD1XXtre5vjp676zJwD0EqyaCUxQ=="
    },
    "undici-types": {
      "version": "5.26.5",
      "resolved": "https://registry.npmjs.org/undici-types/-/undici-types-5.26.5.tgz",
      "integrity": "sha512-JlCMO+ehdEIKqlFxk6IfVoAUVmgz7cU7zD/h9XZ0qzeosSHmUJVOzSQvvYSYWXkFXC+IfLKSIffhv0sVZup6pA==",
      "dev": true
    }
  }
}
